
Microsoft Visual Studio Solution File, Format Version 12.00
# Visual Studio Version 17
VisualStudioVersion = 17.6.33723.286
MinimumVisualStudioVersion = 10.0.40219.1
Project("{778DAE3C-4631-46EA-AA77-85C1314464D9}") = "Quantum", "Quantum.vbproj", "{C73C9007-ABA1-44C0-9282-EB65487C90D0}"
EndProject
Project("{2150E333-8FDC-42A3-9474-1A3956D46DE8}") = "framework", "framework", "{B1594DD3-7D45-4CCA-86FC-CFDBF79DF492}"
EndProject
Project("{778DAE3C-4631-46EA-AA77-85C1314464D9}") = "Core", "..\..\GCModeller\src\runtime\sciBASIC#\Microsoft.VisualBasic.Core\src\Core.vbproj", "{2DA719DA-DC7D-44F9-BA0E-CCDD133D95F3}"
EndProject
Project("{778DAE3C-4631-46EA-AA77-85C1314464D9}") = "Math.NET5", "..\..\GCModeller\src\runtime\sciBASIC#\Data_science\Mathematica\Math\Math\Math.NET5.vbproj", "{AF7D03F6-2175-48F4-A106-D9947DA82F30}"
EndProject
Project("{778DAE3C-4631-46EA-AA77-85C1314464D9}") = "stats-netcore5", "..\..\GCModeller\src\runtime\sciBASIC#\Data_science\Mathematica\Math\Math.Statistics\stats-netcore5.vbproj", "{4974CFB8-9CC0-4125-89B7-2F33A3584DDF}"
EndProject
Project("{2150E333-8FDC-42A3-9474-1A3956D46DE8}") = "renv", "renv", "{0DBAF4C9-0FBF-4976-9625-53E025374B74}"
EndProject
Project("{778DAE3C-4631-46EA-AA77-85C1314464D9}") = "Rsharp-netcore5", "..\..\GCModeller\src\R-sharp\R#\Rsharp-netcore5.vbproj", "{F7777659-8909-41FF-9F30-FEE9BFB67C8E}"
EndProject
Project("{778DAE3C-4631-46EA-AA77-85C1314464D9}") = "R-cmd.NET5", "..\..\GCModeller\src\R-sharp\studio\R-terminal\R-cmd.NET5.vbproj", "{2627FE53-9436-4253-BCED-B71D003E653D}"
EndProject
Global
	GlobalSection(SolutionConfigurationPlatforms) = preSolution
		Debug|Any CPU = Debug|Any CPU
		Debug|x64 = Debug|x64
		Debug|x86 = Debug|x86
		gcmodeller_desktop|Any CPU = gcmodeller_desktop|Any CPU
		gcmodeller_desktop|x64 = gcmodeller_desktop|x64
		gcmodeller_desktop|x86 = gcmodeller_desktop|x86
		LipidSearch|Any CPU = LipidSearch|Any CPU
		LipidSearch|x64 = LipidSearch|x64
		LipidSearch|x86 = LipidSearch|x86
		mzkit_win32|Any CPU = mzkit_win32|Any CPU
		mzkit_win32|x64 = mzkit_win32|x64
		mzkit_win32|x86 = mzkit_win32|x86
		mzkit|Any CPU = mzkit|Any CPU
		mzkit|x64 = mzkit|x64
		mzkit|x86 = mzkit|x86
		NPSearch|Any CPU = NPSearch|Any CPU
		NPSearch|x64 = NPSearch|x64
		NPSearch|x86 = NPSearch|x86
		PlantMAT|Any CPU = PlantMAT|Any CPU
		PlantMAT|x64 = PlantMAT|x64
		PlantMAT|x86 = PlantMAT|x86
		Release|Any CPU = Release|Any CPU
		Release|x64 = Release|x64
		Release|x86 = Release|x86
		Rsharp_app_release|Any CPU = Rsharp_app_release|Any CPU
		Rsharp_app_release|x64 = Rsharp_app_release|x64
		Rsharp_app_release|x86 = Rsharp_app_release|x86
	EndGlobalSection
	GlobalSection(ProjectConfigurationPlatforms) = postSolution
		{C73C9007-ABA1-44C0-9282-EB65487C90D0}.Debug|Any CPU.ActiveCfg = Debug|Any CPU
		{C73C9007-ABA1-44C0-9282-EB65487C90D0}.Debug|Any CPU.Build.0 = Debug|Any CPU
		{C73C9007-ABA1-44C0-9282-EB65487C90D0}.Debug|x64.ActiveCfg = Debug|Any CPU
		{C73C9007-ABA1-44C0-9282-EB65487C90D0}.Debug|x64.Build.0 = Debug|Any CPU
		{C73C9007-ABA1-44C0-9282-EB65487C90D0}.Debug|x86.ActiveCfg = Debug|Any CPU
		{C73C9007-ABA1-44C0-9282-EB65487C90D0}.Debug|x86.Build.0 = Debug|Any CPU
		{C73C9007-ABA1-44C0-9282-EB65487C90D0}.gcmodeller_desktop|Any CPU.ActiveCfg = Debug|Any CPU
		{C73C9007-ABA1-44C0-9282-EB65487C90D0}.gcmodeller_desktop|Any CPU.Build.0 = Debug|Any CPU
		{C73C9007-ABA1-44C0-9282-EB65487C90D0}.gcmodeller_desktop|x64.ActiveCfg = Debug|Any CPU
		{C73C9007-ABA1-44C0-9282-EB65487C90D0}.gcmodeller_desktop|x64.Build.0 = Debug|Any CPU
		{C73C9007-ABA1-44C0-9282-EB65487C90D0}.gcmodeller_desktop|x86.ActiveCfg = Debug|Any CPU
		{C73C9007-ABA1-44C0-9282-EB65487C90D0}.gcmodeller_desktop|x86.Build.0 = Debug|Any CPU
		{C73C9007-ABA1-44C0-9282-EB65487C90D0}.LipidSearch|Any CPU.ActiveCfg = Debug|Any CPU
		{C73C9007-ABA1-44C0-9282-EB65487C90D0}.LipidSearch|Any CPU.Build.0 = Debug|Any CPU
		{C73C9007-ABA1-44C0-9282-EB65487C90D0}.LipidSearch|x64.ActiveCfg = Debug|Any CPU
		{C73C9007-ABA1-44C0-9282-EB65487C90D0}.LipidSearch|x64.Build.0 = Debug|Any CPU
		{C73C9007-ABA1-44C0-9282-EB65487C90D0}.LipidSearch|x86.ActiveCfg = Debug|Any CPU
		{C73C9007-ABA1-44C0-9282-EB65487C90D0}.LipidSearch|x86.Build.0 = Debug|Any CPU
		{C73C9007-ABA1-44C0-9282-EB65487C90D0}.mzkit_win32|Any CPU.ActiveCfg = Debug|Any CPU
		{C73C9007-ABA1-44C0-9282-EB65487C90D0}.mzkit_win32|Any CPU.Build.0 = Debug|Any CPU
		{C73C9007-ABA1-44C0-9282-EB65487C90D0}.mzkit_win32|x64.ActiveCfg = Debug|Any CPU
		{C73C9007-ABA1-44C0-9282-EB65487C90D0}.mzkit_win32|x64.Build.0 = Debug|Any CPU
		{C73C9007-ABA1-44C0-9282-EB65487C90D0}.mzkit_win32|x86.ActiveCfg = Debug|Any CPU
		{C73C9007-ABA1-44C0-9282-EB65487C90D0}.mzkit_win32|x86.Build.0 = Debug|Any CPU
		{C73C9007-ABA1-44C0-9282-EB65487C90D0}.mzkit|Any CPU.ActiveCfg = Debug|Any CPU
		{C73C9007-ABA1-44C0-9282-EB65487C90D0}.mzkit|Any CPU.Build.0 = Debug|Any CPU
		{C73C9007-ABA1-44C0-9282-EB65487C90D0}.mzkit|x64.ActiveCfg = Debug|Any CPU
		{C73C9007-ABA1-44C0-9282-EB65487C90D0}.mzkit|x64.Build.0 = Debug|Any CPU
		{C73C9007-ABA1-44C0-9282-EB65487C90D0}.mzkit|x86.ActiveCfg = Debug|Any CPU
		{C73C9007-ABA1-44C0-9282-EB65487C90D0}.mzkit|x86.Build.0 = Debug|Any CPU
		{C73C9007-ABA1-44C0-9282-EB65487C90D0}.NPSearch|Any CPU.ActiveCfg = Debug|Any CPU
		{C73C9007-ABA1-44C0-9282-EB65487C90D0}.NPSearch|Any CPU.Build.0 = Debug|Any CPU
		{C73C9007-ABA1-44C0-9282-EB65487C90D0}.NPSearch|x64.ActiveCfg = Debug|Any CPU
		{C73C9007-ABA1-44C0-9282-EB65487C90D0}.NPSearch|x64.Build.0 = Debug|Any CPU
		{C73C9007-ABA1-44C0-9282-EB65487C90D0}.NPSearch|x86.ActiveCfg = Debug|Any CPU
		{C73C9007-ABA1-44C0-9282-EB65487C90D0}.NPSearch|x86.Build.0 = Debug|Any CPU
		{C73C9007-ABA1-44C0-9282-EB65487C90D0}.PlantMAT|Any CPU.ActiveCfg = Debug|Any CPU
		{C73C9007-ABA1-44C0-9282-EB65487C90D0}.PlantMAT|Any CPU.Build.0 = Debug|Any CPU
		{C73C9007-ABA1-44C0-9282-EB65487C90D0}.PlantMAT|x64.ActiveCfg = Debug|Any CPU
		{C73C9007-ABA1-44C0-9282-EB65487C90D0}.PlantMAT|x64.Build.0 = Debug|Any CPU
		{C73C9007-ABA1-44C0-9282-EB65487C90D0}.PlantMAT|x86.ActiveCfg = Debug|Any CPU
		{C73C9007-ABA1-44C0-9282-EB65487C90D0}.PlantMAT|x86.Build.0 = Debug|Any CPU
		{C73C9007-ABA1-44C0-9282-EB65487C90D0}.Release|Any CPU.ActiveCfg = Release|Any CPU
		{C73C9007-ABA1-44C0-9282-EB65487C90D0}.Release|Any CPU.Build.0 = Release|Any CPU
		{C73C9007-ABA1-44C0-9282-EB65487C90D0}.Release|x64.ActiveCfg = Release|Any CPU
		{C73C9007-ABA1-44C0-9282-EB65487C90D0}.Release|x64.Build.0 = Release|Any CPU
		{C73C9007-ABA1-44C0-9282-EB65487C90D0}.Release|x86.ActiveCfg = Release|Any CPU
		{C73C9007-ABA1-44C0-9282-EB65487C90D0}.Release|x86.Build.0 = Release|Any CPU
		{C73C9007-ABA1-44C0-9282-EB65487C90D0}.Rsharp_app_release|Any CPU.ActiveCfg = Release|Any CPU
		{C73C9007-ABA1-44C0-9282-EB65487C90D0}.Rsharp_app_release|Any CPU.Build.0 = Release|Any CPU
		{C73C9007-ABA1-44C0-9282-EB65487C90D0}.Rsharp_app_release|x64.ActiveCfg = Release|Any CPU
		{C73C9007-ABA1-44C0-9282-EB65487C90D0}.Rsharp_app_release|x64.Build.0 = Release|Any CPU
		{C73C9007-ABA1-44C0-9282-EB65487C90D0}.Rsharp_app_release|x86.ActiveCfg = Release|Any CPU
		{C73C9007-ABA1-44C0-9282-EB65487C90D0}.Rsharp_app_release|x86.Build.0 = Release|Any CPU
		{2DA719DA-DC7D-44F9-BA0E-CCDD133D95F3}.Debug|Any CPU.ActiveCfg = Debug|Any CPU
		{2DA719DA-DC7D-44F9-BA0E-CCDD133D95F3}.Debug|Any CPU.Build.0 = Debug|Any CPU
		{2DA719DA-DC7D-44F9-BA0E-CCDD133D95F3}.Debug|x64.ActiveCfg = Debug|x64
		{2DA719DA-DC7D-44F9-BA0E-CCDD133D95F3}.Debug|x64.Build.0 = Debug|x64
		{2DA719DA-DC7D-44F9-BA0E-CCDD133D95F3}.Debug|x86.ActiveCfg = Debug|x86
		{2DA719DA-DC7D-44F9-BA0E-CCDD133D95F3}.Debug|x86.Build.0 = Debug|x86
		{2DA719DA-DC7D-44F9-BA0E-CCDD133D95F3}.gcmodeller_desktop|Any CPU.ActiveCfg = gcmodeller_desktop|Any CPU
		{2DA719DA-DC7D-44F9-BA0E-CCDD133D95F3}.gcmodeller_desktop|Any CPU.Build.0 = gcmodeller_desktop|Any CPU
		{2DA719DA-DC7D-44F9-BA0E-CCDD133D95F3}.gcmodeller_desktop|x64.ActiveCfg = gcmodeller_desktop|x64
		{2DA719DA-DC7D-44F9-BA0E-CCDD133D95F3}.gcmodeller_desktop|x64.Build.0 = gcmodeller_desktop|x64
		{2DA719DA-DC7D-44F9-BA0E-CCDD133D95F3}.gcmodeller_desktop|x86.ActiveCfg = gcmodeller_desktop|x86
		{2DA719DA-DC7D-44F9-BA0E-CCDD133D95F3}.gcmodeller_desktop|x86.Build.0 = gcmodeller_desktop|x86
		{2DA719DA-DC7D-44F9-BA0E-CCDD133D95F3}.LipidSearch|Any CPU.ActiveCfg = LipidSearch|Any CPU
		{2DA719DA-DC7D-44F9-BA0E-CCDD133D95F3}.LipidSearch|Any CPU.Build.0 = LipidSearch|Any CPU
		{2DA719DA-DC7D-44F9-BA0E-CCDD133D95F3}.LipidSearch|x64.ActiveCfg = LipidSearch|x64
		{2DA719DA-DC7D-44F9-BA0E-CCDD133D95F3}.LipidSearch|x64.Build.0 = LipidSearch|x64
		{2DA719DA-DC7D-44F9-BA0E-CCDD133D95F3}.LipidSearch|x86.ActiveCfg = LipidSearch|x86
		{2DA719DA-DC7D-44F9-BA0E-CCDD133D95F3}.LipidSearch|x86.Build.0 = LipidSearch|x86
		{2DA719DA-DC7D-44F9-BA0E-CCDD133D95F3}.mzkit_win32|Any CPU.ActiveCfg = mzkit_win32|Any CPU
		{2DA719DA-DC7D-44F9-BA0E-CCDD133D95F3}.mzkit_win32|Any CPU.Build.0 = mzkit_win32|Any CPU
		{2DA719DA-DC7D-44F9-BA0E-CCDD133D95F3}.mzkit_win32|x64.ActiveCfg = mzkit_win32|x64
		{2DA719DA-DC7D-44F9-BA0E-CCDD133D95F3}.mzkit_win32|x64.Build.0 = mzkit_win32|x64
		{2DA719DA-DC7D-44F9-BA0E-CCDD133D95F3}.mzkit_win32|x86.ActiveCfg = mzkit_win32|x86
		{2DA719DA-DC7D-44F9-BA0E-CCDD133D95F3}.mzkit_win32|x86.Build.0 = mzkit_win32|x86
		{2DA719DA-DC7D-44F9-BA0E-CCDD133D95F3}.mzkit|Any CPU.ActiveCfg = mzkit|Any CPU
		{2DA719DA-DC7D-44F9-BA0E-CCDD133D95F3}.mzkit|Any CPU.Build.0 = mzkit|Any CPU
		{2DA719DA-DC7D-44F9-BA0E-CCDD133D95F3}.mzkit|x64.ActiveCfg = mzkit|x64
		{2DA719DA-DC7D-44F9-BA0E-CCDD133D95F3}.mzkit|x64.Build.0 = mzkit|x64
		{2DA719DA-DC7D-44F9-BA0E-CCDD133D95F3}.mzkit|x86.ActiveCfg = mzkit|x86
		{2DA719DA-DC7D-44F9-BA0E-CCDD133D95F3}.mzkit|x86.Build.0 = mzkit|x86
		{2DA719DA-DC7D-44F9-BA0E-CCDD133D95F3}.NPSearch|Any CPU.ActiveCfg = NPSearch|Any CPU
		{2DA719DA-DC7D-44F9-BA0E-CCDD133D95F3}.NPSearch|Any CPU.Build.0 = NPSearch|Any CPU
		{2DA719DA-DC7D-44F9-BA0E-CCDD133D95F3}.NPSearch|x64.ActiveCfg = NPSearch|x64
		{2DA719DA-DC7D-44F9-BA0E-CCDD133D95F3}.NPSearch|x64.Build.0 = NPSearch|x64
		{2DA719DA-DC7D-44F9-BA0E-CCDD133D95F3}.NPSearch|x86.ActiveCfg = NPSearch|x86
		{2DA719DA-DC7D-44F9-BA0E-CCDD133D95F3}.NPSearch|x86.Build.0 = NPSearch|x86
		{2DA719DA-DC7D-44F9-BA0E-CCDD133D95F3}.PlantMAT|Any CPU.ActiveCfg = PlantMAT|Any CPU
		{2DA719DA-DC7D-44F9-BA0E-CCDD133D95F3}.PlantMAT|Any CPU.Build.0 = PlantMAT|Any CPU
		{2DA719DA-DC7D-44F9-BA0E-CCDD133D95F3}.PlantMAT|x64.ActiveCfg = PlantMAT|x64
		{2DA719DA-DC7D-44F9-BA0E-CCDD133D95F3}.PlantMAT|x64.Build.0 = PlantMAT|x64
		{2DA719DA-DC7D-44F9-BA0E-CCDD133D95F3}.PlantMAT|x86.ActiveCfg = PlantMAT|x86
		{2DA719DA-DC7D-44F9-BA0E-CCDD133D95F3}.PlantMAT|x86.Build.0 = PlantMAT|x86
		{2DA719DA-DC7D-44F9-BA0E-CCDD133D95F3}.Release|Any CPU.ActiveCfg = Release|Any CPU
		{2DA719DA-DC7D-44F9-BA0E-CCDD133D95F3}.Release|Any CPU.Build.0 = Release|Any CPU
		{2DA719DA-DC7D-44F9-BA0E-CCDD133D95F3}.Release|x64.ActiveCfg = Release|x64
		{2DA719DA-DC7D-44F9-BA0E-CCDD133D95F3}.Release|x64.Build.0 = Release|x64
		{2DA719DA-DC7D-44F9-BA0E-CCDD133D95F3}.Release|x86.ActiveCfg = Release|x86
		{2DA719DA-DC7D-44F9-BA0E-CCDD133D95F3}.Release|x86.Build.0 = Release|x86
		{2DA719DA-DC7D-44F9-BA0E-CCDD133D95F3}.Rsharp_app_release|Any CPU.ActiveCfg = Rsharp_app_release|Any CPU
		{2DA719DA-DC7D-44F9-BA0E-CCDD133D95F3}.Rsharp_app_release|Any CPU.Build.0 = Rsharp_app_release|Any CPU
		{2DA719DA-DC7D-44F9-BA0E-CCDD133D95F3}.Rsharp_app_release|x64.ActiveCfg = Rsharp_app_release|x64
		{2DA719DA-DC7D-44F9-BA0E-CCDD133D95F3}.Rsharp_app_release|x64.Build.0 = Rsharp_app_release|x64
		{2DA719DA-DC7D-44F9-BA0E-CCDD133D95F3}.Rsharp_app_release|x86.ActiveCfg = Rsharp_app_release|x86
		{2DA719DA-DC7D-44F9-BA0E-CCDD133D95F3}.Rsharp_app_release|x86.Build.0 = Rsharp_app_release|x86
		{AF7D03F6-2175-48F4-A106-D9947DA82F30}.Debug|Any CPU.ActiveCfg = Debug|Any CPU
		{AF7D03F6-2175-48F4-A106-D9947DA82F30}.Debug|Any CPU.Build.0 = Debug|Any CPU
		{AF7D03F6-2175-48F4-A106-D9947DA82F30}.Debug|x64.ActiveCfg = Debug|x64
		{AF7D03F6-2175-48F4-A106-D9947DA82F30}.Debug|x64.Build.0 = Debug|x64
		{AF7D03F6-2175-48F4-A106-D9947DA82F30}.Debug|x86.ActiveCfg = Debug|Any CPU
		{AF7D03F6-2175-48F4-A106-D9947DA82F30}.Debug|x86.Build.0 = Debug|Any CPU
		{AF7D03F6-2175-48F4-A106-D9947DA82F30}.gcmodeller_desktop|Any CPU.ActiveCfg = gcmodeller_desktop|Any CPU
		{AF7D03F6-2175-48F4-A106-D9947DA82F30}.gcmodeller_desktop|Any CPU.Build.0 = gcmodeller_desktop|Any CPU
		{AF7D03F6-2175-48F4-A106-D9947DA82F30}.gcmodeller_desktop|x64.ActiveCfg = gcmodeller_desktop|x64
		{AF7D03F6-2175-48F4-A106-D9947DA82F30}.gcmodeller_desktop|x64.Build.0 = gcmodeller_desktop|x64
		{AF7D03F6-2175-48F4-A106-D9947DA82F30}.gcmodeller_desktop|x86.ActiveCfg = gcmodeller_desktop|Any CPU
		{AF7D03F6-2175-48F4-A106-D9947DA82F30}.gcmodeller_desktop|x86.Build.0 = gcmodeller_desktop|Any CPU
		{AF7D03F6-2175-48F4-A106-D9947DA82F30}.LipidSearch|Any CPU.ActiveCfg = LipidSearch|Any CPU
		{AF7D03F6-2175-48F4-A106-D9947DA82F30}.LipidSearch|Any CPU.Build.0 = LipidSearch|Any CPU
		{AF7D03F6-2175-48F4-A106-D9947DA82F30}.LipidSearch|x64.ActiveCfg = LipidSearch|x64
		{AF7D03F6-2175-48F4-A106-D9947DA82F30}.LipidSearch|x64.Build.0 = LipidSearch|x64
		{AF7D03F6-2175-48F4-A106-D9947DA82F30}.LipidSearch|x86.ActiveCfg = LipidSearch|Any CPU
		{AF7D03F6-2175-48F4-A106-D9947DA82F30}.LipidSearch|x86.Build.0 = LipidSearch|Any CPU
		{AF7D03F6-2175-48F4-A106-D9947DA82F30}.mzkit_win32|Any CPU.ActiveCfg = mzkit_win32|Any CPU
		{AF7D03F6-2175-48F4-A106-D9947DA82F30}.mzkit_win32|Any CPU.Build.0 = mzkit_win32|Any CPU
		{AF7D03F6-2175-48F4-A106-D9947DA82F30}.mzkit_win32|x64.ActiveCfg = mzkit_win32|x64
		{AF7D03F6-2175-48F4-A106-D9947DA82F30}.mzkit_win32|x64.Build.0 = mzkit_win32|x64
		{AF7D03F6-2175-48F4-A106-D9947DA82F30}.mzkit_win32|x86.ActiveCfg = mzkit_win32|Any CPU
		{AF7D03F6-2175-48F4-A106-D9947DA82F30}.mzkit_win32|x86.Build.0 = mzkit_win32|Any CPU
		{AF7D03F6-2175-48F4-A106-D9947DA82F30}.mzkit|Any CPU.ActiveCfg = mzkit|Any CPU
		{AF7D03F6-2175-48F4-A106-D9947DA82F30}.mzkit|Any CPU.Build.0 = mzkit|Any CPU
		{AF7D03F6-2175-48F4-A106-D9947DA82F30}.mzkit|x64.ActiveCfg = mzkit|x64
		{AF7D03F6-2175-48F4-A106-D9947DA82F30}.mzkit|x64.Build.0 = mzkit|x64
		{AF7D03F6-2175-48F4-A106-D9947DA82F30}.mzkit|x86.ActiveCfg = mzkit|Any CPU
		{AF7D03F6-2175-48F4-A106-D9947DA82F30}.mzkit|x86.Build.0 = mzkit|Any CPU
		{AF7D03F6-2175-48F4-A106-D9947DA82F30}.NPSearch|Any CPU.ActiveCfg = NPSearch|Any CPU
		{AF7D03F6-2175-48F4-A106-D9947DA82F30}.NPSearch|Any CPU.Build.0 = NPSearch|Any CPU
		{AF7D03F6-2175-48F4-A106-D9947DA82F30}.NPSearch|x64.ActiveCfg = NPSearch|x64
		{AF7D03F6-2175-48F4-A106-D9947DA82F30}.NPSearch|x64.Build.0 = NPSearch|x64
		{AF7D03F6-2175-48F4-A106-D9947DA82F30}.NPSearch|x86.ActiveCfg = NPSearch|Any CPU
		{AF7D03F6-2175-48F4-A106-D9947DA82F30}.NPSearch|x86.Build.0 = NPSearch|Any CPU
		{AF7D03F6-2175-48F4-A106-D9947DA82F30}.PlantMAT|Any CPU.ActiveCfg = PlantMAT|Any CPU
		{AF7D03F6-2175-48F4-A106-D9947DA82F30}.PlantMAT|Any CPU.Build.0 = PlantMAT|Any CPU
		{AF7D03F6-2175-48F4-A106-D9947DA82F30}.PlantMAT|x64.ActiveCfg = PlantMAT|x64
		{AF7D03F6-2175-48F4-A106-D9947DA82F30}.PlantMAT|x64.Build.0 = PlantMAT|x64
		{AF7D03F6-2175-48F4-A106-D9947DA82F30}.PlantMAT|x86.ActiveCfg = PlantMAT|Any CPU
		{AF7D03F6-2175-48F4-A106-D9947DA82F30}.PlantMAT|x86.Build.0 = PlantMAT|Any CPU
		{AF7D03F6-2175-48F4-A106-D9947DA82F30}.Release|Any CPU.ActiveCfg = Release|Any CPU
		{AF7D03F6-2175-48F4-A106-D9947DA82F30}.Release|Any CPU.Build.0 = Release|Any CPU
		{AF7D03F6-2175-48F4-A106-D9947DA82F30}.Release|x64.ActiveCfg = Release|x64
		{AF7D03F6-2175-48F4-A106-D9947DA82F30}.Release|x64.Build.0 = Release|x64
		{AF7D03F6-2175-48F4-A106-D9947DA82F30}.Release|x86.ActiveCfg = Release|Any CPU
		{AF7D03F6-2175-48F4-A106-D9947DA82F30}.Release|x86.Build.0 = Release|Any CPU
		{AF7D03F6-2175-48F4-A106-D9947DA82F30}.Rsharp_app_release|Any CPU.ActiveCfg = Rsharp_app_release|Any CPU
		{AF7D03F6-2175-48F4-A106-D9947DA82F30}.Rsharp_app_release|Any CPU.Build.0 = Rsharp_app_release|Any CPU
		{AF7D03F6-2175-48F4-A106-D9947DA82F30}.Rsharp_app_release|x64.ActiveCfg = Rsharp_app_release|x64
		{AF7D03F6-2175-48F4-A106-D9947DA82F30}.Rsharp_app_release|x64.Build.0 = Rsharp_app_release|x64
		{AF7D03F6-2175-48F4-A106-D9947DA82F30}.Rsharp_app_release|x86.ActiveCfg = Rsharp_app_release|Any CPU
		{AF7D03F6-2175-48F4-A106-D9947DA82F30}.Rsharp_app_release|x86.Build.0 = Rsharp_app_release|Any CPU
		{4974CFB8-9CC0-4125-89B7-2F33A3584DDF}.Debug|Any CPU.ActiveCfg = Debug|Any CPU
		{4974CFB8-9CC0-4125-89B7-2F33A3584DDF}.Debug|Any CPU.Build.0 = Debug|Any CPU
		{4974CFB8-9CC0-4125-89B7-2F33A3584DDF}.Debug|x64.ActiveCfg = Debug|x64
		{4974CFB8-9CC0-4125-89B7-2F33A3584DDF}.Debug|x64.Build.0 = Debug|x64
		{4974CFB8-9CC0-4125-89B7-2F33A3584DDF}.Debug|x86.ActiveCfg = Debug|Any CPU
		{4974CFB8-9CC0-4125-89B7-2F33A3584DDF}.Debug|x86.Build.0 = Debug|Any CPU
		{4974CFB8-9CC0-4125-89B7-2F33A3584DDF}.gcmodeller_desktop|Any CPU.ActiveCfg = gcmodeller_desktop|Any CPU
		{4974CFB8-9CC0-4125-89B7-2F33A3584DDF}.gcmodeller_desktop|Any CPU.Build.0 = gcmodeller_desktop|Any CPU
		{4974CFB8-9CC0-4125-89B7-2F33A3584DDF}.gcmodeller_desktop|x64.ActiveCfg = gcmodeller_desktop|x64
		{4974CFB8-9CC0-4125-89B7-2F33A3584DDF}.gcmodeller_desktop|x64.Build.0 = gcmodeller_desktop|x64
		{4974CFB8-9CC0-4125-89B7-2F33A3584DDF}.gcmodeller_desktop|x86.ActiveCfg = gcmodeller_desktop|Any CPU
		{4974CFB8-9CC0-4125-89B7-2F33A3584DDF}.gcmodeller_desktop|x86.Build.0 = gcmodeller_desktop|Any CPU
		{4974CFB8-9CC0-4125-89B7-2F33A3584DDF}.LipidSearch|Any CPU.ActiveCfg = LipidSearch|Any CPU
		{4974CFB8-9CC0-4125-89B7-2F33A3584DDF}.LipidSearch|Any CPU.Build.0 = LipidSearch|Any CPU
		{4974CFB8-9CC0-4125-89B7-2F33A3584DDF}.LipidSearch|x64.ActiveCfg = LipidSearch|x64
		{4974CFB8-9CC0-4125-89B7-2F33A3584DDF}.LipidSearch|x64.Build.0 = LipidSearch|x64
		{4974CFB8-9CC0-4125-89B7-2F33A3584DDF}.LipidSearch|x86.ActiveCfg = LipidSearch|Any CPU
		{4974CFB8-9CC0-4125-89B7-2F33A3584DDF}.LipidSearch|x86.Build.0 = LipidSearch|Any CPU
		{4974CFB8-9CC0-4125-89B7-2F33A3584DDF}.mzkit_win32|Any CPU.ActiveCfg = mzkit|Any CPU
		{4974CFB8-9CC0-4125-89B7-2F33A3584DDF}.mzkit_win32|Any CPU.Build.0 = mzkit|Any CPU
		{4974CFB8-9CC0-4125-89B7-2F33A3584DDF}.mzkit_win32|x64.ActiveCfg = mzkit|x64
		{4974CFB8-9CC0-4125-89B7-2F33A3584DDF}.mzkit_win32|x64.Build.0 = mzkit|x64
		{4974CFB8-9CC0-4125-89B7-2F33A3584DDF}.mzkit_win32|x86.ActiveCfg = mzkit|Any CPU
		{4974CFB8-9CC0-4125-89B7-2F33A3584DDF}.mzkit_win32|x86.Build.0 = mzkit|Any CPU
		{4974CFB8-9CC0-4125-89B7-2F33A3584DDF}.mzkit|Any CPU.ActiveCfg = mzkit|Any CPU
		{4974CFB8-9CC0-4125-89B7-2F33A3584DDF}.mzkit|Any CPU.Build.0 = mzkit|Any CPU
		{4974CFB8-9CC0-4125-89B7-2F33A3584DDF}.mzkit|x64.ActiveCfg = mzkit|x64
		{4974CFB8-9CC0-4125-89B7-2F33A3584DDF}.mzkit|x64.Build.0 = mzkit|x64
		{4974CFB8-9CC0-4125-89B7-2F33A3584DDF}.mzkit|x86.ActiveCfg = mzkit|Any CPU
		{4974CFB8-9CC0-4125-89B7-2F33A3584DDF}.mzkit|x86.Build.0 = mzkit|Any CPU
		{4974CFB8-9CC0-4125-89B7-2F33A3584DDF}.NPSearch|Any CPU.ActiveCfg = Debug|Any CPU
		{4974CFB8-9CC0-4125-89B7-2F33A3584DDF}.NPSearch|Any CPU.Build.0 = Debug|Any CPU
		{4974CFB8-9CC0-4125-89B7-2F33A3584DDF}.NPSearch|x64.ActiveCfg = Debug|x64
		{4974CFB8-9CC0-4125-89B7-2F33A3584DDF}.NPSearch|x64.Build.0 = Debug|x64
		{4974CFB8-9CC0-4125-89B7-2F33A3584DDF}.NPSearch|x86.ActiveCfg = Debug|Any CPU
		{4974CFB8-9CC0-4125-89B7-2F33A3584DDF}.NPSearch|x86.Build.0 = Debug|Any CPU
		{4974CFB8-9CC0-4125-89B7-2F33A3584DDF}.PlantMAT|Any CPU.ActiveCfg = Debug|Any CPU
		{4974CFB8-9CC0-4125-89B7-2F33A3584DDF}.PlantMAT|Any CPU.Build.0 = Debug|Any CPU
		{4974CFB8-9CC0-4125-89B7-2F33A3584DDF}.PlantMAT|x64.ActiveCfg = Debug|x64
		{4974CFB8-9CC0-4125-89B7-2F33A3584DDF}.PlantMAT|x64.Build.0 = Debug|x64
		{4974CFB8-9CC0-4125-89B7-2F33A3584DDF}.PlantMAT|x86.ActiveCfg = Debug|Any CPU
		{4974CFB8-9CC0-4125-89B7-2F33A3584DDF}.PlantMAT|x86.Build.0 = Debug|Any CPU
		{4974CFB8-9CC0-4125-89B7-2F33A3584DDF}.Release|Any CPU.ActiveCfg = Release|Any CPU
		{4974CFB8-9CC0-4125-89B7-2F33A3584DDF}.Release|Any CPU.Build.0 = Release|Any CPU
		{4974CFB8-9CC0-4125-89B7-2F33A3584DDF}.Release|x64.ActiveCfg = Release|x64
		{4974CFB8-9CC0-4125-89B7-2F33A3584DDF}.Release|x64.Build.0 = Release|x64
		{4974CFB8-9CC0-4125-89B7-2F33A3584DDF}.Release|x86.ActiveCfg = Release|Any CPU
		{4974CFB8-9CC0-4125-89B7-2F33A3584DDF}.Release|x86.Build.0 = Release|Any CPU
		{4974CFB8-9CC0-4125-89B7-2F33A3584DDF}.Rsharp_app_release|Any CPU.ActiveCfg = Rsharp_app_release|Any CPU
		{4974CFB8-9CC0-4125-89B7-2F33A3584DDF}.Rsharp_app_release|Any CPU.Build.0 = Rsharp_app_release|Any CPU
		{4974CFB8-9CC0-4125-89B7-2F33A3584DDF}.Rsharp_app_release|x64.ActiveCfg = Rsharp_app_release|x64
		{4974CFB8-9CC0-4125-89B7-2F33A3584DDF}.Rsharp_app_release|x64.Build.0 = Rsharp_app_release|x64
		{4974CFB8-9CC0-4125-89B7-2F33A3584DDF}.Rsharp_app_release|x86.ActiveCfg = Rsharp_app_release|Any CPU
		{4974CFB8-9CC0-4125-89B7-2F33A3584DDF}.Rsharp_app_release|x86.Build.0 = Rsharp_app_release|Any CPU
		{F7777659-8909-41FF-9F30-FEE9BFB67C8E}.Debug|Any CPU.ActiveCfg = Debug|Any CPU
		{F7777659-8909-41FF-9F30-FEE9BFB67C8E}.Debug|Any CPU.Build.0 = Debug|Any CPU
		{F7777659-8909-41FF-9F30-FEE9BFB67C8E}.Debug|x64.ActiveCfg = Debug|x64
		{F7777659-8909-41FF-9F30-FEE9BFB67C8E}.Debug|x64.Build.0 = Debug|x64
		{F7777659-8909-41FF-9F30-FEE9BFB67C8E}.Debug|x86.ActiveCfg = Debug|Any CPU
		{F7777659-8909-41FF-9F30-FEE9BFB67C8E}.Debug|x86.Build.0 = Debug|Any CPU
		{F7777659-8909-41FF-9F30-FEE9BFB67C8E}.gcmodeller_desktop|Any CPU.ActiveCfg = gcmodeller_desktop|Any CPU
		{F7777659-8909-41FF-9F30-FEE9BFB67C8E}.gcmodeller_desktop|Any CPU.Build.0 = gcmodeller_desktop|Any CPU
		{F7777659-8909-41FF-9F30-FEE9BFB67C8E}.gcmodeller_desktop|x64.ActiveCfg = gcmodeller_desktop|x64
		{F7777659-8909-41FF-9F30-FEE9BFB67C8E}.gcmodeller_desktop|x64.Build.0 = gcmodeller_desktop|x64
		{F7777659-8909-41FF-9F30-FEE9BFB67C8E}.gcmodeller_desktop|x86.ActiveCfg = gcmodeller_desktop|Any CPU
		{F7777659-8909-41FF-9F30-FEE9BFB67C8E}.gcmodeller_desktop|x86.Build.0 = gcmodeller_desktop|Any CPU
		{F7777659-8909-41FF-9F30-FEE9BFB67C8E}.LipidSearch|Any CPU.ActiveCfg = LipidSearch|Any CPU
		{F7777659-8909-41FF-9F30-FEE9BFB67C8E}.LipidSearch|Any CPU.Build.0 = LipidSearch|Any CPU
		{F7777659-8909-41FF-9F30-FEE9BFB67C8E}.LipidSearch|x64.ActiveCfg = LipidSearch|x64
		{F7777659-8909-41FF-9F30-FEE9BFB67C8E}.LipidSearch|x64.Build.0 = LipidSearch|x64
		{F7777659-8909-41FF-9F30-FEE9BFB67C8E}.LipidSearch|x86.ActiveCfg = LipidSearch|Any CPU
		{F7777659-8909-41FF-9F30-FEE9BFB67C8E}.LipidSearch|x86.Build.0 = LipidSearch|Any CPU
		{F7777659-8909-41FF-9F30-FEE9BFB67C8E}.mzkit_win32|Any CPU.ActiveCfg = mzkit|Any CPU
		{F7777659-8909-41FF-9F30-FEE9BFB67C8E}.mzkit_win32|Any CPU.Build.0 = mzkit|Any CPU
		{F7777659-8909-41FF-9F30-FEE9BFB67C8E}.mzkit_win32|x64.ActiveCfg = mzkit|x64
		{F7777659-8909-41FF-9F30-FEE9BFB67C8E}.mzkit_win32|x64.Build.0 = mzkit|x64
		{F7777659-8909-41FF-9F30-FEE9BFB67C8E}.mzkit_win32|x86.ActiveCfg = mzkit|Any CPU
		{F7777659-8909-41FF-9F30-FEE9BFB67C8E}.mzkit_win32|x86.Build.0 = mzkit|Any CPU
		{F7777659-8909-41FF-9F30-FEE9BFB67C8E}.mzkit|Any CPU.ActiveCfg = mzkit|Any CPU
		{F7777659-8909-41FF-9F30-FEE9BFB67C8E}.mzkit|Any CPU.Build.0 = mzkit|Any CPU
		{F7777659-8909-41FF-9F30-FEE9BFB67C8E}.mzkit|x64.ActiveCfg = mzkit|x64
		{F7777659-8909-41FF-9F30-FEE9BFB67C8E}.mzkit|x64.Build.0 = mzkit|x64
		{F7777659-8909-41FF-9F30-FEE9BFB67C8E}.mzkit|x86.ActiveCfg = mzkit|Any CPU
		{F7777659-8909-41FF-9F30-FEE9BFB67C8E}.mzkit|x86.Build.0 = mzkit|Any CPU
		{F7777659-8909-41FF-9F30-FEE9BFB67C8E}.NPSearch|Any CPU.ActiveCfg = NPSearch|Any CPU
		{F7777659-8909-41FF-9F30-FEE9BFB67C8E}.NPSearch|Any CPU.Build.0 = NPSearch|Any CPU
		{F7777659-8909-41FF-9F30-FEE9BFB67C8E}.NPSearch|x64.ActiveCfg = NPSearch|x64
		{F7777659-8909-41FF-9F30-FEE9BFB67C8E}.NPSearch|x64.Build.0 = NPSearch|x64
		{F7777659-8909-41FF-9F30-FEE9BFB67C8E}.NPSearch|x86.ActiveCfg = NPSearch|Any CPU
		{F7777659-8909-41FF-9F30-FEE9BFB67C8E}.NPSearch|x86.Build.0 = NPSearch|Any CPU
		{F7777659-8909-41FF-9F30-FEE9BFB67C8E}.PlantMAT|Any CPU.ActiveCfg = PlantMAT|Any CPU
		{F7777659-8909-41FF-9F30-FEE9BFB67C8E}.PlantMAT|Any CPU.Build.0 = PlantMAT|Any CPU
		{F7777659-8909-41FF-9F30-FEE9BFB67C8E}.PlantMAT|x64.ActiveCfg = PlantMAT|x64
		{F7777659-8909-41FF-9F30-FEE9BFB67C8E}.PlantMAT|x64.Build.0 = PlantMAT|x64
		{F7777659-8909-41FF-9F30-FEE9BFB67C8E}.PlantMAT|x86.ActiveCfg = PlantMAT|Any CPU
		{F7777659-8909-41FF-9F30-FEE9BFB67C8E}.PlantMAT|x86.Build.0 = PlantMAT|Any CPU
		{F7777659-8909-41FF-9F30-FEE9BFB67C8E}.Release|Any CPU.ActiveCfg = Release|Any CPU
		{F7777659-8909-41FF-9F30-FEE9BFB67C8E}.Release|Any CPU.Build.0 = Release|Any CPU
		{F7777659-8909-41FF-9F30-FEE9BFB67C8E}.Release|x64.ActiveCfg = Release|x64
		{F7777659-8909-41FF-9F30-FEE9BFB67C8E}.Release|x64.Build.0 = Release|x64
		{F7777659-8909-41FF-9F30-FEE9BFB67C8E}.Release|x86.ActiveCfg = Release|Any CPU
		{F7777659-8909-41FF-9F30-FEE9BFB67C8E}.Release|x86.Build.0 = Release|Any CPU
		{F7777659-8909-41FF-9F30-FEE9BFB67C8E}.Rsharp_app_release|Any CPU.ActiveCfg = Rsharp_app_release|Any CPU
		{F7777659-8909-41FF-9F30-FEE9BFB67C8E}.Rsharp_app_release|Any CPU.Build.0 = Rsharp_app_release|Any CPU
		{F7777659-8909-41FF-9F30-FEE9BFB67C8E}.Rsharp_app_release|x64.ActiveCfg = Rsharp_app_release|x64
		{F7777659-8909-41FF-9F30-FEE9BFB67C8E}.Rsharp_app_release|x64.Build.0 = Rsharp_app_release|x64
		{F7777659-8909-41FF-9F30-FEE9BFB67C8E}.Rsharp_app_release|x86.ActiveCfg = Rsharp_app_release|Any CPU
		{F7777659-8909-41FF-9F30-FEE9BFB67C8E}.Rsharp_app_release|x86.Build.0 = Rsharp_app_release|Any CPU
		{2627FE53-9436-4253-BCED-B71D003E653D}.Debug|Any CPU.ActiveCfg = Debug|Any CPU
		{2627FE53-9436-4253-BCED-B71D003E653D}.Debug|Any CPU.Build.0 = Debug|Any CPU
		{2627FE53-9436-4253-BCED-B71D003E653D}.Debug|x64.ActiveCfg = Debug|x64
		{2627FE53-9436-4253-BCED-B71D003E653D}.Debug|x64.Build.0 = Debug|x64
		{2627FE53-9436-4253-BCED-B71D003E653D}.Debug|x86.ActiveCfg = Debug|Any CPU
		{2627FE53-9436-4253-BCED-B71D003E653D}.Debug|x86.Build.0 = Debug|Any CPU
		{2627FE53-9436-4253-BCED-B71D003E653D}.gcmodeller_desktop|Any CPU.ActiveCfg = gcmodeller_desktop|Any CPU
		{2627FE53-9436-4253-BCED-B71D003E653D}.gcmodeller_desktop|Any CPU.Build.0 = gcmodeller_desktop|Any CPU
		{2627FE53-9436-4253-BCED-B71D003E653D}.gcmodeller_desktop|x64.ActiveCfg = gcmodeller_desktop|x64
		{2627FE53-9436-4253-BCED-B71D003E653D}.gcmodeller_desktop|x64.Build.0 = gcmodeller_desktop|x64
		{2627FE53-9436-4253-BCED-B71D003E653D}.gcmodeller_desktop|x86.ActiveCfg = gcmodeller_desktop|Any CPU
		{2627FE53-9436-4253-BCED-B71D003E653D}.gcmodeller_desktop|x86.Build.0 = gcmodeller_desktop|Any CPU
		{2627FE53-9436-4253-BCED-B71D003E653D}.LipidSearch|Any CPU.ActiveCfg = Debug|Any CPU
		{2627FE53-9436-4253-BCED-B71D003E653D}.LipidSearch|Any CPU.Build.0 = Debug|Any CPU
		{2627FE53-9436-4253-BCED-B71D003E653D}.LipidSearch|x64.ActiveCfg = Debug|x64
		{2627FE53-9436-4253-BCED-B71D003E653D}.LipidSearch|x64.Build.0 = Debug|x64
		{2627FE53-9436-4253-BCED-B71D003E653D}.LipidSearch|x86.ActiveCfg = Debug|Any CPU
		{2627FE53-9436-4253-BCED-B71D003E653D}.LipidSearch|x86.Build.0 = Debug|Any CPU
		{2627FE53-9436-4253-BCED-B71D003E653D}.mzkit_win32|Any CPU.ActiveCfg = mzkit_win32|Any CPU
		{2627FE53-9436-4253-BCED-B71D003E653D}.mzkit_win32|Any CPU.Build.0 = mzkit_win32|Any CPU
		{2627FE53-9436-4253-BCED-B71D003E653D}.mzkit_win32|x64.ActiveCfg = mzkit_win32|x64
		{2627FE53-9436-4253-BCED-B71D003E653D}.mzkit_win32|x64.Build.0 = mzkit_win32|x64
		{2627FE53-9436-4253-BCED-B71D003E653D}.mzkit_win32|x86.ActiveCfg = mzkit_win32|Any CPU
		{2627FE53-9436-4253-BCED-B71D003E653D}.mzkit_win32|x86.Build.0 = mzkit_win32|Any CPU
		{2627FE53-9436-4253-BCED-B71D003E653D}.mzkit|Any CPU.ActiveCfg = mzkit|Any CPU
		{2627FE53-9436-4253-BCED-B71D003E653D}.mzkit|Any CPU.Build.0 = mzkit|Any CPU
		{2627FE53-9436-4253-BCED-B71D003E653D}.mzkit|x64.ActiveCfg = mzkit|x64
		{2627FE53-9436-4253-BCED-B71D003E653D}.mzkit|x64.Build.0 = mzkit|x64
		{2627FE53-9436-4253-BCED-B71D003E653D}.mzkit|x86.ActiveCfg = mzkit|Any CPU
		{2627FE53-9436-4253-BCED-B71D003E653D}.mzkit|x86.Build.0 = mzkit|Any CPU
		{2627FE53-9436-4253-BCED-B71D003E653D}.NPSearch|Any CPU.ActiveCfg = Debug|Any CPU
		{2627FE53-9436-4253-BCED-B71D003E653D}.NPSearch|Any CPU.Build.0 = Debug|Any CPU
		{2627FE53-9436-4253-BCED-B71D003E653D}.NPSearch|x64.ActiveCfg = Debug|x64
		{2627FE53-9436-4253-BCED-B71D003E653D}.NPSearch|x64.Build.0 = Debug|x64
		{2627FE53-9436-4253-BCED-B71D003E653D}.NPSearch|x86.ActiveCfg = Debug|Any CPU
		{2627FE53-9436-4253-BCED-B71D003E653D}.NPSearch|x86.Build.0 = Debug|Any CPU
		{2627FE53-9436-4253-BCED-B71D003E653D}.PlantMAT|Any CPU.ActiveCfg = Debug|Any CPU
		{2627FE53-9436-4253-BCED-B71D003E653D}.PlantMAT|Any CPU.Build.0 = Debug|Any CPU
		{2627FE53-9436-4253-BCED-B71D003E653D}.PlantMAT|x64.ActiveCfg = Debug|x64
		{2627FE53-9436-4253-BCED-B71D003E653D}.PlantMAT|x64.Build.0 = Debug|x64
		{2627FE53-9436-4253-BCED-B71D003E653D}.PlantMAT|x86.ActiveCfg = Debug|Any CPU
		{2627FE53-9436-4253-BCED-B71D003E653D}.PlantMAT|x86.Build.0 = Debug|Any CPU
		{2627FE53-9436-4253-BCED-B71D003E653D}.Release|Any CPU.ActiveCfg = Release|Any CPU
		{2627FE53-9436-4253-BCED-B71D003E653D}.Release|Any CPU.Build.0 = Release|Any CPU
		{2627FE53-9436-4253-BCED-B71D003E653D}.Release|x64.ActiveCfg = Release|x64
		{2627FE53-9436-4253-BCED-B71D003E653D}.Release|x64.Build.0 = Release|x64
		{2627FE53-9436-4253-BCED-B71D003E653D}.Release|x86.ActiveCfg = Release|Any CPU
		{2627FE53-9436-4253-BCED-B71D003E653D}.Release|x86.Build.0 = Release|Any CPU
		{2627FE53-9436-4253-BCED-B71D003E653D}.Rsharp_app_release|Any CPU.ActiveCfg = Rsharp_app_release|Any CPU
		{2627FE53-9436-4253-BCED-B71D003E653D}.Rsharp_app_release|Any CPU.Build.0 = Rsharp_app_release|Any CPU
		{2627FE53-9436-4253-BCED-B71D003E653D}.Rsharp_app_release|x64.ActiveCfg = Rsharp_app_release|x64
		{2627FE53-9436-4253-BCED-B71D003E653D}.Rsharp_app_release|x64.Build.0 = Rsharp_app_release|x64
		{2627FE53-9436-4253-BCED-B71D003E653D}.Rsharp_app_release|x86.ActiveCfg = Rsharp_app_release|Any CPU
		{2627FE53-9436-4253-BCED-B71D003E653D}.Rsharp_app_release|x86.Build.0 = Rsharp_app_release|Any CPU
	EndGlobalSection
	GlobalSection(SolutionProperties) = preSolution
		HideSolutionNode = FALSE
	EndGlobalSection
	GlobalSection(NestedProjects) = preSolution
		{2DA719DA-DC7D-44F9-BA0E-CCDD133D95F3} = {B1594DD3-7D45-4CCA-86FC-CFDBF79DF492}
		{AF7D03F6-2175-48F4-A106-D9947DA82F30} = {B1594DD3-7D45-4CCA-86FC-CFDBF79DF492}
		{4974CFB8-9CC0-4125-89B7-2F33A3584DDF} = {B1594DD3-7D45-4CCA-86FC-CFDBF79DF492}
		{F7777659-8909-41FF-9F30-FEE9BFB67C8E} = {0DBAF4C9-0FBF-4976-9625-53E025374B74}
		{2627FE53-9436-4253-BCED-B71D003E653D} = {0DBAF4C9-0FBF-4976-9625-53E025374B74}
	EndGlobalSection
	GlobalSection(ExtensibilityGlobals) = postSolution
		SolutionGuid = {1687498B-C731-4E81-8578-23C12FF69397}
	EndGlobalSection
	GlobalSection(SharedMSBuildProjectFiles) = preSolution
		..\..\GCModeller\src\R-sharp\studio\Rstudio.common\Rstudio.common.projitems*{2627fe53-9436-4253-bced-b71d003e653d}*SharedItemsImports = 5
	EndGlobalSection
EndGlobal
